
Microsoft Visual Studio Solution File, Format Version 12.00
# Visual Studio Version 16
VisualStudioVersion = 16.0.30114.105
MinimumVisualStudioVersion = 10.0.40219.1
Project("{FAE04EC0-301F-11D3-BF4B-00C04F79EFBC}") = "UI", "UI\UI.csproj", "{4D3BE2C2-6424-46FF-A6B2-2BF5EA63B08D}"
EndProject
Project("{FAE04EC0-301F-11D3-BF4B-00C04F79EFBC}") = "DL", "DL\DL.csproj", "{200DB66C-81F5-475D-9185-4EB80573BF0F}"
EndProject
Project("{FAE04EC0-301F-11D3-BF4B-00C04F79EFBC}") = "BL", "BL\BL.csproj", "{D7689BFA-4F8F-4C78-88FB-D81D3F5AE7AE}"
EndProject
Project("{FAE04EC0-301F-11D3-BF4B-00C04F79EFBC}") = "Tests", "Tests\Tests.csproj", "{7E62056E-6F1F-40F3-92E4-E2BC3742E0A0}"
EndProject
Global
	GlobalSection(SolutionConfigurationPlatforms) = preSolution
		Debug|Any CPU = Debug|Any CPU
		Debug|x64 = Debug|x64
		Debug|x86 = Debug|x86
		Release|Any CPU = Release|Any CPU
		Release|x64 = Release|x64
		Release|x86 = Release|x86
	EndGlobalSection
	GlobalSection(SolutionProperties) = preSolution
		HideSolutionNode = FALSE
	EndGlobalSection
	GlobalSection(ProjectConfigurationPlatforms) = postSolution
		{4D3BE2C2-6424-46FF-A6B2-2BF5EA63B08D}.Debug|Any CPU.ActiveCfg = Debug|Any CPU
		{4D3BE2C2-6424-46FF-A6B2-2BF5EA63B08D}.Debug|Any CPU.Build.0 = Debug|Any CPU
		{4D3BE2C2-6424-46FF-A6B2-2BF5EA63B08D}.Debug|x64.ActiveCfg = Debug|Any CPU
		{4D3BE2C2-6424-46FF-A6B2-2BF5EA63B08D}.Debug|x64.Build.0 = Debug|Any CPU
		{4D3BE2C2-6424-46FF-A6B2-2BF5EA63B08D}.Debug|x86.ActiveCfg = Debug|Any CPU
		{4D3BE2C2-6424-46FF-A6B2-2BF5EA63B08D}.Debug|x86.Build.0 = Debug|Any CPU
		{4D3BE2C2-6424-46FF-A6B2-2BF5EA63B08D}.Release|Any CPU.ActiveCfg = Release|Any CPU
		{4D3BE2C2-6424-46FF-A6B2-2BF5EA63B08D}.Release|Any CPU.Build.0 = Release|Any CPU
		{4D3BE2C2-6424-46FF-A6B2-2BF5EA63B08D}.Release|x64.ActiveCfg = Release|Any CPU
		{4D3BE2C2-6424-46FF-A6B2-2BF5EA63B08D}.Release|x64.Build.0 = Release|Any CPU
		{4D3BE2C2-6424-46FF-A6B2-2BF5EA63B08D}.Release|x86.ActiveCfg = Release|Any CPU
		{4D3BE2C2-6424-46FF-A6B2-2BF5EA63B08D}.Release|x86.Build.0 = Release|Any CPU
		{200DB66C-81F5-475D-9185-4EB80573BF0F}.Debug|Any CPU.ActiveCfg = Debug|Any CPU
		{200DB66C-81F5-475D-9185-4EB80573BF0F}.Debug|Any CPU.Build.0 = Debug|Any CPU
		{200DB66C-81F5-475D-9185-4EB80573BF0F}.Debug|x64.ActiveCfg = Debug|Any CPU
		{200DB66C-81F5-475D-9185-4EB80573BF0F}.Debug|x64.Build.0 = Debug|Any CPU
		{200DB66C-81F5-475D-9185-4EB80573BF0F}.Debug|x86.ActiveCfg = Debug|Any CPU
		{200DB66C-81F5-475D-9185-4EB80573BF0F}.Debug|x86.Build.0 = Debug|Any CPU
		{200DB66C-81F5-475D-9185-4EB80573BF0F}.Release|Any CPU.ActiveCfg = Release|Any CPU
		{200DB66C-81F5-475D-9185-4EB80573BF0F}.Release|Any CPU.Build.0 = Release|Any CPU
		{200DB66C-81F5-475D-9185-4EB80573BF0F}.Release|x64.ActiveCfg = Release|Any CPU
		{200DB66C-81F5-475D-9185-4EB80573BF0F}.Release|x64.Build.0 = Release|Any CPU
		{200DB66C-81F5-475D-9185-4EB80573BF0F}.Release|x86.ActiveCfg = Release|Any CPU
		{200DB66C-81F5-475D-9185-4EB80573BF0F}.Release|x86.Build.0 = Release|Any CPU
		{D7689BFA-4F8F-4C78-88FB-D81D3F5AE7AE}.Debug|Any CPU.ActiveCfg = Debug|Any CPU
		{D7689BFA-4F8F-4C78-88FB-D81D3F5AE7AE}.Debug|Any CPU.Build.0 = Debug|Any CPU
		{D7689BFA-4F8F-4C78-88FB-D81D3F5AE7AE}.Debug|x64.ActiveCfg = Debug|Any CPU
		{D7689BFA-4F8F-4C78-88FB-D81D3F5AE7AE}.Debug|x64.Build.0 = Debug|Any CPU
		{D7689BFA-4F8F-4C78-88FB-D81D3F5AE7AE}.Debug|x86.ActiveCfg = Debug|Any CPU
		{D7689BFA-4F8F-4C78-88FB-D81D3F5AE7AE}.Debug|x86.Build.0 = Debug|Any CPU
		{D7689BFA-4F8F-4C78-88FB-D81D3F5AE7AE}.Release|Any CPU.ActiveCfg = Release|Any CPU
		{D7689BFA-4F8F-4C78-88FB-D81D3F5AE7AE}.Release|Any CPU.Build.0 = Release|Any CPU
		{D7689BFA-4F8F-4C78-88FB-D81D3F5AE7AE}.Release|x64.ActiveCfg = Release|Any CPU
		{D7689BFA-4F8F-4C78-88FB-D81D3F5AE7AE}.Release|x64.Build.0 = Release|Any CPU
		{D7689BFA-4F8F-4C78-88FB-D81D3F5AE7AE}.Release|x86.ActiveCfg = Release|Any CPU
		{D7689BFA-4F8F-4C78-88FB-D81D3F5AE7AE}.Release|x86.Build.0 = Release|Any CPU
		{7E62056E-6F1F-40F3-92E4-E2BC3742E0A0}.Debug|Any CPU.ActiveCfg = Debug|Any CPU
		{7E62056E-6F1F-40F3-92E4-E2BC3742E0A0}.Debug|Any CPU.Build.0 = Debug|Any CPU
		{7E62056E-6F1F-40F3-92E4-E2BC3742E0A0}.Debug|x64.ActiveCfg = Debug|Any CPU
		{7E62056E-6F1F-40F3-92E4-E2BC3742E0A0}.Debug|x64.Build.0 = Debug|Any CPU
		{7E62056E-6F1F-40F3-92E4-E2BC3742E0A0}.Debug|x86.ActiveCfg = Debug|Any CPU
		{7E62056E-6F1F-40F3-92E4-E2BC3742E0A0}.Debug|x86.Build.0 = Debug|Any CPU
		{7E62056E-6F1F-40F3-92E4-E2BC3742E0A0}.Release|Any CPU.ActiveCfg = Release|Any CPU
		{7E62056E-6F1F-40F3-92E4-E2BC3742E0A0}.Release|Any CPU.Build.0 = Release|Any CPU
		{7E62056E-6F1F-40F3-92E4-E2BC3742E0A0}.Release|x64.ActiveCfg = Release|Any CPU
		{7E62056E-6F1F-40F3-92E4-E2BC3742E0A0}.Release|x64.Build.0 = Release|Any CPU
		{7E62056E-6F1F-40F3-92E4-E2BC3742E0A0}.Release|x86.ActiveCfg = Release|Any CPU
		{7E62056E-6F1F-40F3-92E4-E2BC3742E0A0}.Release|x86.Build.0 = Release|Any CPU
	EndGlobalSection
EndGlobal
